
Microsoft Visual Studio Solution File, Format Version 12.00
# Visual Studio Version 16
VisualStudioVersion = 16.0.30523.141
MinimumVisualStudioVersion = 10.0.40219.1
Project("{FAE04EC0-301F-11D3-BF4B-00C04F79EFBC}") = "StackOverflowPost", "StackOverflowPost.csproj", "{37B0F26B-1D68-4145-96D7-62227D2EC0D6}"
EndProject
Global
	GlobalSection(SolutionConfigurationPlatforms) = preSolution
		Debug|Any CPU = Debug|Any CPU
		Release|Any CPU = Release|Any CPU
	EndGlobalSection
	GlobalSection(ProjectConfigurationPlatforms) = postSolution
		{37B0F26B-1D68-4145-96D7-62227D2EC0D6}.Debug|Any CPU.ActiveCfg = Debug|Any CPU
		{37B0F26B-1D68-4145-96D7-62227D2EC0D6}.Debug|Any CPU.Build.0 = Debug|Any CPU
		{37B0F26B-1D68-4145-96D7-62227D2EC0D6}.Release|Any CPU.ActiveCfg = Release|Any CPU
		{37B0F26B-1D68-4145-96D7-62227D2EC0D6}.Release|Any CPU.Build.0 = Release|Any CPU
	EndGlobalSection
	GlobalSection(SolutionProperties) = preSolution
		HideSolutionNode = FALSE
	EndGlobalSection
	GlobalSection(ExtensibilityGlobals) = postSolution
		SolutionGuid = {3BB234CE-A7F3-48F1-9764-74F0E91C3501}
	EndGlobalSection
EndGlobal
